Microsoft Visual Studio Solution File, Format Version 12.00
# Visual Studio Version 18
VisualStudioVersion = 18.5.11709.299 stable
MinimumVisualStudioVersion = 10.0.40219.1
Project("{FAE04EC0-301F-11D3-BF4B-00C04F79EFBC}") = "AiPOC", "AiPOC.csproj", "{3636D91B-957A-9678-D329-FE47DA7F376B}"
EndProject
Global
	GlobalSection(SolutionConfigurationPlatforms) = preSolution
		Debug|Any CPU = Debug|Any CPU
		Release|Any CPU = Release|Any CPU
	EndGlobalSection
	GlobalSection(ProjectConfigurationPlatforms) = postSolution
		{3636D91B-957A-9678-D329-FE47DA7F376B}.Debug|Any CPU.ActiveCfg = Debug|Any CPU
		{3636D91B-957A-9678-D329-FE47DA7F376B}.Debug|Any CPU.Build.0 = Debug|Any CPU
		{3636D91B-957A-9678-D329-FE47DA7F376B}.Release|Any CPU.ActiveCfg = Release|Any CPU
		{3636D91B-957A-9678-D329-FE47DA7F376B}.Release|Any CPU.Build.0 = Release|Any CPU
	EndGlobalSection
	GlobalSection(SolutionProperties) = preSolution
		HideSolutionNode = FALSE
	EndGlobalSection
	GlobalSection(ExtensibilityGlobals) = postSolution
		SolutionGuid = {F2F06E6E-7127-48A6-BA86-BB5897939913}
	EndGlobalSection
EndGlobal
